<?xml version="1.0" encoding="utf-8"?>
<Project ToolsVersion="4.0" xmlns="http://schemas.microsoft.com/developer/msbuild/2003">
  <ItemGroup>
    <Filter Include="2D">
      <UniqueIdentifier>{0286ab43-f2fc-4c80-ba20-778aaf2bda16}</UniqueIdentifier>
    </Filter>
    <Filter Include="Header">
      <UniqueIdentifier>{4d0bafed-a76e-4b58-8a61-31edd1e4cb64}</UniqueIdentifier>
    </Filter>
    <Filter Include="Debug">
      <UniqueIdentifier>{15dc9c63-6aa7-4fd7-80bb-5c679dff8b25}</UniqueIdentifier>
    </Filter>
    <Filter Include="Effect">
      <UniqueIdentifier>{d634f3e2-cb10-4b07-a86d-eacf32e3666a}</UniqueIdentifier>
    </Filter>
    <Filter Include="Target">
      <UniqueIdentifier>{9ad435dd-c62e-4189-bdb5-9817d137d16b}</UniqueIdentifier>
    </Filter>
  </ItemGroup>
  <ItemGroup>
    <FxCompile Include="ColorShader.fx">
      <Filter>2D</Filter>
    </FxCompile>
    <FxCompile Include="ImageShader.fx">
      <Filter>2D</Filter>
    </FxCompile>
    <FxCompile Include="DebugShader.fx">
      <Filter>Debug</Filter>
    </FxCompile>
    <FxCompile Include="BlurEffectShader.fx">
      <Filter>Effect</Filter>
    </FxCompile>
    <FxCompile Include="TargetCopyShader.fx">
      <Filter>Target</Filter>
    </FxCompile>
    <FxCompile Include="ImageShaderInstanced.fx">
      <Filter>2D</Filter>
    </FxCompile>
    <FxCompile Include="WidgetImageShader.fx">
      <Filter>2D</Filter>
    </FxCompile>
  </ItemGroup>
  <ItemGroup>
    <None Include="EngineShaderBase.hlsli">
      <Filter>Header</Filter>
    </None>
    <None Include="EngineTexture.hlsli">
      <Filter>Header</Filter>
    </None>
    <None Include="EngineVertex.hlsli">
      <Filter>Header</Filter>
    </None>
    <None Include="TransformData.hlsli">
      <Filter>Header</Filter>
    </None>
  </ItemGroup>
</Project>