
Microsoft Visual Studio Solution File, Format Version 12.00
# Visual Studio Version 17
VisualStudioVersion = 17.9.34723.18
MinimumVisualStudioVersion = 10.0.40219.1
Project("{2150E333-8FDC-42A3-9474-1A3956D46DE8}") = "Level0", "Level0", "{DA9987CC-127F-4543-A8FC-9F18153F1878}"
EndProject
Project("{2150E333-8FDC-42A3-9474-1A3956D46DE8}") = "Level1", "Level1", "{F17D4805-19F4-42B2-8E43-70A30056B0A3}"
EndProject
Project("{2150E333-8FDC-42A3-9474-1A3956D46DE8}") = "Level2", "Level2", "{2271AA6C-445A-4D59-BEB1-80148E537867}"
EndProject
Project("{2150E333-8FDC-42A3-9474-1A3956D46DE8}") = "Level3", "Level3", "{161C277F-FE10-4170-A3D4-60D744B3FA44}"
EndProject
Project("{8BC9CEB8-8B4A-11D0-8D11-00A0C91BC942}") = "EngineBase", "EngineBase\EngineBase.vcxproj", "{EF33F1F3-58A4-4879-9825-3AE906105DDB}"
EndProject
Project("{8BC9CEB8-8B4A-11D0-8D11-00A0C91BC942}") = "EnginePlatform", "EnginePlatform\EnginePlatform.vcxproj", "{AA9C0F19-4433-47FA-9627-460C3DA4A2FF}"
	ProjectSection(ProjectDependencies) = postProject
		{EF33F1F3-58A4-4879-9825-3AE906105DDB} = {EF33F1F3-58A4-4879-9825-3AE906105DDB}
	EndProjectSection
EndProject
Project("{8BC9CEB8-8B4A-11D0-8D11-00A0C91BC942}") = "EngineCore", "EngineCore\EngineCore.vcxproj", "{21FD8B0D-B254-464F-A59A-E9FC73144E6B}"
	ProjectSection(ProjectDependencies) = postProject
		{AA9C0F19-4433-47FA-9627-460C3DA4A2FF} = {AA9C0F19-4433-47FA-9627-460C3DA4A2FF}
		{EF33F1F3-58A4-4879-9825-3AE906105DDB} = {EF33F1F3-58A4-4879-9825-3AE906105DDB}
	EndProjectSection
EndProject
Project("{2150E333-8FDC-42A3-9474-1A3956D46DE8}") = "Level4", "Level4", "{3760E271-DF12-49CE-9029-7428522041DE}"
EndProject
Project("{8BC9CEB8-8B4A-11D0-8D11-00A0C91BC942}") = "Contents", "Contents\Contents.vcxproj", "{786CC29D-A550-4557-A422-42C8EC1B6EAE}"
	ProjectSection(ProjectDependencies) = postProject
		{21FD8B0D-B254-464F-A59A-E9FC73144E6B} = {21FD8B0D-B254-464F-A59A-E9FC73144E6B}
		{AA9C0F19-4433-47FA-9627-460C3DA4A2FF} = {AA9C0F19-4433-47FA-9627-460C3DA4A2FF}
		{EF33F1F3-58A4-4879-9825-3AE906105DDB} = {EF33F1F3-58A4-4879-9825-3AE906105DDB}
	EndProjectSection
EndProject
Project("{8BC9CEB8-8B4A-11D0-8D11-00A0C91BC942}") = "App", "App\App.vcxproj", "{17BAA04B-FC12-40C5-AAAF-361201078E6C}"
	ProjectSection(ProjectDependencies) = postProject
		{21FD8B0D-B254-464F-A59A-E9FC73144E6B} = {21FD8B0D-B254-464F-A59A-E9FC73144E6B}
		{786CC29D-A550-4557-A422-42C8EC1B6EAE} = {786CC29D-A550-4557-A422-42C8EC1B6EAE}
		{AA9C0F19-4433-47FA-9627-460C3DA4A2FF} = {AA9C0F19-4433-47FA-9627-460C3DA4A2FF}
		{EF33F1F3-58A4-4879-9825-3AE906105DDB} = {EF33F1F3-58A4-4879-9825-3AE906105DDB}
	EndProjectSection
EndProject
Project("{8BC9CEB8-8B4A-11D0-8D11-00A0C91BC942}") = "EngineShader", "EngineShader\EngineShader.vcxproj", "{88EE9F09-E943-437C-83F6-7ADD5E103DA1}"
EndProject
Project("{8BC9CEB8-8B4A-11D0-8D11-00A0C91BC942}") = "ContentsShader", "ContentsShader\ContentsShader.vcxproj", "{B0EDBA1C-47C0-4E57-9302-EFB045E3A629}"
EndProject
Global
	GlobalSection(SolutionConfigurationPlatforms) = preSolution
		Debug|x64 = Debug|x64
		Debug|x86 = Debug|x86
		Release|x64 = Release|x64
		Release|x86 = Release|x86
	EndGlobalSection
	GlobalSection(ProjectConfigurationPlatforms) = postSolution
		{EF33F1F3-58A4-4879-9825-3AE906105DDB}.Debug|x64.ActiveCfg = Debug|x64
		{EF33F1F3-58A4-4879-9825-3AE906105DDB}.Debug|x64.Build.0 = Debug|x64
		{EF33F1F3-58A4-4879-9825-3AE906105DDB}.Debug|x86.ActiveCfg = Debug|Win32
		{EF33F1F3-58A4-4879-9825-3AE906105DDB}.Debug|x86.Build.0 = Debug|Win32
		{EF33F1F3-58A4-4879-9825-3AE906105DDB}.Release|x64.ActiveCfg = Release|x64
		{EF33F1F3-58A4-4879-9825-3AE906105DDB}.Release|x64.Build.0 = Release|x64
		{EF33F1F3-58A4-4879-9825-3AE906105DDB}.Release|x86.ActiveCfg = Release|Win32
		{EF33F1F3-58A4-4879-9825-3AE906105DDB}.Release|x86.Build.0 = Release|Win32
		{AA9C0F19-4433-47FA-9627-460C3DA4A2FF}.Debug|x64.ActiveCfg = Debug|x64
		{AA9C0F19-4433-47FA-9627-460C3DA4A2FF}.Debug|x64.Build.0 = Debug|x64
		{AA9C0F19-4433-47FA-9627-460C3DA4A2FF}.Debug|x86.ActiveCfg = Debug|Win32
		{AA9C0F19-4433-47FA-9627-460C3DA4A2FF}.Debug|x86.Build.0 = Debug|Win32
		{AA9C0F19-4433-47FA-9627-460C3DA4A2FF}.Release|x64.ActiveCfg = Release|x64
		{AA9C0F19-4433-47FA-9627-460C3DA4A2FF}.Release|x64.Build.0 = Release|x64
		{AA9C0F19-4433-47FA-9627-460C3DA4A2FF}.Release|x86.ActiveCfg = Release|Win32
		{AA9C0F19-4433-47FA-9627-460C3DA4A2FF}.Release|x86.Build.0 = Release|Win32
		{21FD8B0D-B254-464F-A59A-E9FC73144E6B}.Debug|x64.ActiveCfg = Debug|x64
		{21FD8B0D-B254-464F-A59A-E9FC73144E6B}.Debug|x64.Build.0 = Debug|x64
		{21FD8B0D-B254-464F-A59A-E9FC73144E6B}.Debug|x86.ActiveCfg = Debug|Win32
		{21FD8B0D-B254-464F-A59A-E9FC73144E6B}.Debug|x86.Build.0 = Debug|Win32
		{21FD8B0D-B254-464F-A59A-E9FC73144E6B}.Release|x64.ActiveCfg = Release|x64
		{21FD8B0D-B254-464F-A59A-E9FC73144E6B}.Release|x64.Build.0 = Release|x64
		{21FD8B0D-B254-464F-A59A-E9FC73144E6B}.Release|x86.ActiveCfg = Release|Win32
		{21FD8B0D-B254-464F-A59A-E9FC73144E6B}.Release|x86.Build.0 = Release|Win32
		{786CC29D-A550-4557-A422-42C8EC1B6EAE}.Debug|x64.ActiveCfg = Debug|x64
		{786CC29D-A550-4557-A422-42C8EC1B6EAE}.Debug|x64.Build.0 = Debug|x64
		{786CC29D-A550-4557-A422-42C8EC1B6EAE}.Debug|x86.ActiveCfg = Debug|Win32
		{786CC29D-A550-4557-A422-42C8EC1B6EAE}.Debug|x86.Build.0 = Debug|Win32
		{786CC29D-A550-4557-A422-42C8EC1B6EAE}.Release|x64.ActiveCfg = Release|x64
		{786CC29D-A550-4557-A422-42C8EC1B6EAE}.Release|x64.Build.0 = Release|x64
		{786CC29D-A550-4557-A422-42C8EC1B6EAE}.Release|x86.ActiveCfg = Release|Win32
		{786CC29D-A550-4557-A422-42C8EC1B6EAE}.Release|x86.Build.0 = Release|Win32
		{17BAA04B-FC12-40C5-AAAF-361201078E6C}.Debug|x64.ActiveCfg = Debug|x64
		{17BAA04B-FC12-40C5-AAAF-361201078E6C}.Debug|x64.Build.0 = Debug|x64
		{17BAA04B-FC12-40C5-AAAF-361201078E6C}.Debug|x86.ActiveCfg = Debug|Win32
		{17BAA04B-FC12-40C5-AAAF-361201078E6C}.Debug|x86.Build.0 = Debug|Win32
		{17BAA04B-FC12-40C5-AAAF-361201078E6C}.Release|x64.ActiveCfg = Release|x64
		{17BAA04B-FC12-40C5-AAAF-361201078E6C}.Release|x64.Build.0 = Release|x64
		{17BAA04B-FC12-40C5-AAAF-361201078E6C}.Release|x86.ActiveCfg = Release|Win32
		{17BAA04B-FC12-40C5-AAAF-361201078E6C}.Release|x86.Build.0 = Release|Win32
		{88EE9F09-E943-437C-83F6-7ADD5E103DA1}.Debug|x64.ActiveCfg = Debug|x64
		{88EE9F09-E943-437C-83F6-7ADD5E103DA1}.Debug|x64.Build.0 = Debug|x64
		{88EE9F09-E943-437C-83F6-7ADD5E103DA1}.Debug|x86.ActiveCfg = Debug|Win32
		{88EE9F09-E943-437C-83F6-7ADD5E103DA1}.Debug|x86.Build.0 = Debug|Win32
		{88EE9F09-E943-437C-83F6-7ADD5E103DA1}.Release|x64.ActiveCfg = Release|x64
		{88EE9F09-E943-437C-83F6-7ADD5E103DA1}.Release|x64.Build.0 = Release|x64
		{88EE9F09-E943-437C-83F6-7ADD5E103DA1}.Release|x86.ActiveCfg = Release|Win32
		{88EE9F09-E943-437C-83F6-7ADD5E103DA1}.Release|x86.Build.0 = Release|Win32
		{B0EDBA1C-47C0-4E57-9302-EFB045E3A629}.Debug|x64.ActiveCfg = Debug|x64
		{B0EDBA1C-47C0-4E57-9302-EFB045E3A629}.Debug|x64.Build.0 = Debug|x64
		{B0EDBA1C-47C0-4E57-9302-EFB045E3A629}.Debug|x86.ActiveCfg = Debug|Win32
		{B0EDBA1C-47C0-4E57-9302-EFB045E3A629}.Debug|x86.Build.0 = Debug|Win32
		{B0EDBA1C-47C0-4E57-9302-EFB045E3A629}.Release|x64.ActiveCfg = Release|x64
		{B0EDBA1C-47C0-4E57-9302-EFB045E3A629}.Release|x64.Build.0 = Release|x64
		{B0EDBA1C-47C0-4E57-9302-EFB045E3A629}.Release|x86.ActiveCfg = Release|Win32
		{B0EDBA1C-47C0-4E57-9302-EFB045E3A629}.Release|x86.Build.0 = Release|Win32
	EndGlobalSection
	GlobalSection(SolutionProperties) = preSolution
		HideSolutionNode = FALSE
	EndGlobalSection
	GlobalSection(NestedProjects) = preSolution
		{EF33F1F3-58A4-4879-9825-3AE906105DDB} = {DA9987CC-127F-4543-A8FC-9F18153F1878}
		{AA9C0F19-4433-47FA-9627-460C3DA4A2FF} = {F17D4805-19F4-42B2-8E43-70A30056B0A3}
		{21FD8B0D-B254-464F-A59A-E9FC73144E6B} = {2271AA6C-445A-4D59-BEB1-80148E537867}
		{786CC29D-A550-4557-A422-42C8EC1B6EAE} = {161C277F-FE10-4170-A3D4-60D744B3FA44}
		{17BAA04B-FC12-40C5-AAAF-361201078E6C} = {3760E271-DF12-49CE-9029-7428522041DE}
		{88EE9F09-E943-437C-83F6-7ADD5E103DA1} = {2271AA6C-445A-4D59-BEB1-80148E537867}
		{B0EDBA1C-47C0-4E57-9302-EFB045E3A629} = {161C277F-FE10-4170-A3D4-60D744B3FA44}
	EndGlobalSection
	GlobalSection(ExtensibilityGlobals) = postSolution
		SolutionGuid = {1C6455D5-D5DF-44BB-ABB0-71109DD38BA4}
	EndGlobalSection
EndGlobal
