<?xml version="1.0" encoding="utf-8"?>
<Project ToolsVersion="4.0" xmlns="http://schemas.microsoft.com/developer/msbuild/2003">
  <ItemGroup>
    <Filter Include="PreCompile">
      <UniqueIdentifier>{4c492a08-6fda-47fb-9816-4b721ee7694f}</UniqueIdentifier>
    </Filter>
    <Filter Include="Map%28BackGround%29">
      <UniqueIdentifier>{11dc3755-1ed4-4fb3-b6ca-fd2ee5ae05df}</UniqueIdentifier>
    </Filter>
    <Filter Include="Player">
      <UniqueIdentifier>{213d0e96-8667-4589-9d0b-61f62b56a865}</UniqueIdentifier>
    </Filter>
    <Filter Include="Monster">
      <UniqueIdentifier>{ffdf2315-d4d6-4d62-af55-e25c4e610618}</UniqueIdentifier>
    </Filter>
    <Filter Include="Monster\FiledSpawnMonsters">
      <UniqueIdentifier>{d72133f6-a199-4985-b551-6006b61a899b}</UniqueIdentifier>
    </Filter>
    <Filter Include="Monster\SuddenSpawnMonsters">
      <UniqueIdentifier>{023b9a4c-c976-496b-be1b-01d25f3dbc0f}</UniqueIdentifier>
    </Filter>
    <Filter Include="Effect">
      <UniqueIdentifier>{691a9494-e2c4-4841-94c7-1d5bcdd5ca54}</UniqueIdentifier>
    </Filter>
    <Filter Include="Level%28Title, Play%29">
      <UniqueIdentifier>{0776a4d5-de1e-4eba-8d2b-3b00d2ec2ab4}</UniqueIdentifier>
    </Filter>
    <Filter Include="Level%28Title, Play%29\PlayLevel">
      <UniqueIdentifier>{7a1db344-3472-41a4-97a4-e0a8853de48f}</UniqueIdentifier>
    </Filter>
    <Filter Include="Level%28Title, Play%29\PlayLevel\Actor">
      <UniqueIdentifier>{fe7fd277-b971-4635-a3b2-cc3f60d80314}</UniqueIdentifier>
    </Filter>
    <Filter Include="Level%28Title, Play%29\Title &amp; Ending">
      <UniqueIdentifier>{7b6661af-1d4c-45bf-afef-9deb07c3eecb}</UniqueIdentifier>
    </Filter>
    <Filter Include="Level%28Title, Play%29\Title &amp; Ending\EndingLevel">
      <UniqueIdentifier>{9132de74-b9b8-4e8d-9ac7-3d2206c49adb}</UniqueIdentifier>
    </Filter>
    <Filter Include="Level%28Title, Play%29\Title &amp; Ending\TitleLevel">
      <UniqueIdentifier>{b376701f-d639-46f4-9a1d-2639f242bb70}</UniqueIdentifier>
    </Filter>
    <Filter Include="Level%28Title, Play%29\Title &amp; Ending\TitleLevel\Actor">
      <UniqueIdentifier>{8de1ab4f-159a-4b59-ae5d-177153d4264e}</UniqueIdentifier>
    </Filter>
    <Filter Include="Core">
      <UniqueIdentifier>{ee1240cc-d785-4aff-9686-e3d242c9375b}</UniqueIdentifier>
    </Filter>
    <Filter Include="Core\CoCo">
      <UniqueIdentifier>{707a500f-301c-4f54-b52e-b8f42cae2e9d}</UniqueIdentifier>
    </Filter>
    <Filter Include="Enum, Value, Setting &amp; Options">
      <UniqueIdentifier>{8aff8c99-49ab-4e07-8971-0848389a479c}</UniqueIdentifier>
    </Filter>
    <Filter Include="Enum, Value, Setting &amp; Options\CameraControl">
      <UniqueIdentifier>{04536160-695b-4849-a065-9048cff95620}</UniqueIdentifier>
    </Filter>
    <Filter Include="Enum, Value, Setting &amp; Options\Enum">
      <UniqueIdentifier>{f72e3a6a-e97c-4158-9445-b33a2baf6d0a}</UniqueIdentifier>
    </Filter>
  </ItemGroup>
  <ItemGroup>
    <ClCompile Include="PreCompile.cpp">
      <Filter>PreCompile</Filter>
    </ClCompile>
    <ClCompile Include="Player.cpp">
      <Filter>Level%28Title, Play%29\PlayLevel\Actor</Filter>
    </ClCompile>
    <ClCompile Include="PlayGameMode.cpp">
      <Filter>Level%28Title, Play%29\PlayLevel</Filter>
    </ClCompile>
    <ClCompile Include="TitleGameMode.cpp">
      <Filter>Level%28Title, Play%29\Title &amp; Ending\TitleLevel</Filter>
    </ClCompile>
    <ClCompile Include="TitleLogo.cpp">
      <Filter>Level%28Title, Play%29\Title &amp; Ending\TitleLevel\Actor</Filter>
    </ClCompile>
    <ClCompile Include="ContentsCore.cpp">
      <Filter>Core\CoCo</Filter>
    </ClCompile>
    <ClCompile Include="Stage.cpp">
      <Filter>Map%28BackGround%29</Filter>
    </ClCompile>
  </ItemGroup>
  <ItemGroup>
    <ClInclude Include="PreCompile.h">
      <Filter>PreCompile</Filter>
    </ClInclude>
    <ClInclude Include="Player.h">
      <Filter>Level%28Title, Play%29\PlayLevel\Actor</Filter>
    </ClInclude>
    <ClInclude Include="PlayGameMode.h">
      <Filter>Level%28Title, Play%29\PlayLevel</Filter>
    </ClInclude>
    <ClInclude Include="TitleGameMode.h">
      <Filter>Level%28Title, Play%29\Title &amp; Ending\TitleLevel</Filter>
    </ClInclude>
    <ClInclude Include="TitleLogo.h">
      <Filter>Level%28Title, Play%29\Title &amp; Ending\TitleLevel\Actor</Filter>
    </ClInclude>
    <ClInclude Include="ContentsCore.h">
      <Filter>Core\CoCo</Filter>
    </ClInclude>
    <ClInclude Include="ContentsEnum.h">
      <Filter>Enum, Value, Setting &amp; Options\Enum</Filter>
    </ClInclude>
    <ClInclude Include="Stage.h">
      <Filter>Map%28BackGround%29</Filter>
    </ClInclude>
  </ItemGroup>
</Project>