<?xml version="1.0" encoding="utf-8"?>
<Project ToolsVersion="4.0" xmlns="http://schemas.microsoft.com/developer/msbuild/2003">
  <ItemGroup>
    <Filter Include="PreCompile">
      <UniqueIdentifier>{4c492a08-6fda-47fb-9816-4b721ee7694f}</UniqueIdentifier>
    </Filter>
    <Filter Include="Level%28Play, Title &amp; Ending%29">
      <UniqueIdentifier>{0776a4d5-de1e-4eba-8d2b-3b00d2ec2ab4}</UniqueIdentifier>
    </Filter>
    <Filter Include="Core%28Image &amp; Sound, Start Level%29">
      <UniqueIdentifier>{ee1240cc-d785-4aff-9686-e3d242c9375b}</UniqueIdentifier>
    </Filter>
    <Filter Include="Core%28Image &amp; Sound, Start Level%29\CoCo">
      <UniqueIdentifier>{707a500f-301c-4f54-b52e-b8f42cae2e9d}</UniqueIdentifier>
    </Filter>
    <Filter Include="Contents Global Settings">
      <UniqueIdentifier>{8aff8c99-49ab-4e07-8971-0848389a479c}</UniqueIdentifier>
    </Filter>
    <Filter Include="Contents Global Settings\Enum Class">
      <UniqueIdentifier>{f72e3a6a-e97c-4158-9445-b33a2baf6d0a}</UniqueIdentifier>
    </Filter>
    <Filter Include="Contents Global Settings\Value%28Const%29">
      <UniqueIdentifier>{266cdca8-1190-4491-a5bb-214226442ae9}</UniqueIdentifier>
    </Filter>
    <Filter Include="Contents Global Settings\Functions">
      <UniqueIdentifier>{a2b9111f-5b65-4ef3-9dc0-168d16d6da2e}</UniqueIdentifier>
    </Filter>
    <Filter Include="Level%28Play, Title &amp; Ending%29\Title &amp; Ending Level">
      <UniqueIdentifier>{7b6661af-1d4c-45bf-afef-9deb07c3eecb}</UniqueIdentifier>
    </Filter>
    <Filter Include="Level%28Play, Title &amp; Ending%29\Title &amp; Ending Level\EndingLevel">
      <UniqueIdentifier>{9132de74-b9b8-4e8d-9ac7-3d2206c49adb}</UniqueIdentifier>
    </Filter>
    <Filter Include="Level%28Play, Title &amp; Ending%29\Title &amp; Ending Level\TitleLevel">
      <UniqueIdentifier>{b376701f-d639-46f4-9a1d-2639f242bb70}</UniqueIdentifier>
    </Filter>
    <Filter Include="Level%28Play, Title &amp; Ending%29\Title &amp; Ending Level\TitleLevel\Actor">
      <UniqueIdentifier>{8de1ab4f-159a-4b59-ae5d-177153d4264e}</UniqueIdentifier>
    </Filter>
    <Filter Include="Level%28Play, Title &amp; Ending%29\GameModes">
      <UniqueIdentifier>{a1a6565b-e861-456b-a882-ddc2162e6d66}</UniqueIdentifier>
    </Filter>
    <Filter Include="Level%28Play, Title &amp; Ending%29\PlayLevel%28Actors%29">
      <UniqueIdentifier>{7a1db344-3472-41a4-97a4-e0a8853de48f}</UniqueIdentifier>
    </Filter>
    <Filter Include="Level%28Play, Title &amp; Ending%29\PlayLevel%28Actors%29\Actors%28in PlayLevel%29">
      <UniqueIdentifier>{fe7fd277-b971-4635-a3b2-cc3f60d80314}</UniqueIdentifier>
    </Filter>
    <Filter Include="Level%28Play, Title &amp; Ending%29\PlayLevel%28Actors%29\Actors%28in PlayLevel%29\Monsters">
      <UniqueIdentifier>{ffdf2315-d4d6-4d62-af55-e25c4e610618}</UniqueIdentifier>
    </Filter>
    <Filter Include="Level%28Play, Title &amp; Ending%29\PlayLevel%28Actors%29\Actors%28in PlayLevel%29\Monsters\BossMonsters">
      <UniqueIdentifier>{1da2db9a-919c-4ba5-b30e-9ea984bb0b29}</UniqueIdentifier>
    </Filter>
    <Filter Include="Level%28Play, Title &amp; Ending%29\PlayLevel%28Actors%29\Actors%28in PlayLevel%29\UI">
      <UniqueIdentifier>{20c9d18c-63e5-4c96-a128-e2f28ea0d9b7}</UniqueIdentifier>
    </Filter>
    <Filter Include="Level%28Play, Title &amp; Ending%29\PlayLevel%28Actors%29\Actors%28in PlayLevel%29\UI\Mouse Cursor">
      <UniqueIdentifier>{df83cc8b-1fa8-41ab-9a5b-ffd876eaff0f}</UniqueIdentifier>
    </Filter>
    <Filter Include="Level%28Play, Title &amp; Ending%29\PlayLevel%28Actors%29\Actors%28in PlayLevel%29\PlayBackLayer%28Map%29">
      <UniqueIdentifier>{95b6404a-840b-4384-9b39-5fe640d7fd6e}</UniqueIdentifier>
    </Filter>
    <Filter Include="Level%28Play, Title &amp; Ending%29\PlayLevel%28Actors%29\Actors%28in PlayLevel%29\Player &amp; PlayerState">
      <UniqueIdentifier>{c0bd684b-b19d-4942-b480-0b4875cbfddb}</UniqueIdentifier>
    </Filter>
    <Filter Include="Level%28Play, Title &amp; Ending%29\PlayLevel%28Actors%29\Actors%28in PlayLevel%29\Effect, Weapon">
      <UniqueIdentifier>{691a9494-e2c4-4841-94c7-1d5bcdd5ca54}</UniqueIdentifier>
    </Filter>
    <Filter Include="Level%28Play, Title &amp; Ending%29\PlayLevel%28Actors%29\Actors%28in PlayLevel%29\Effect, Weapon\Player Attack Effect">
      <UniqueIdentifier>{714bd485-ec9a-4fb8-8e33-c2ae1fb489e5}</UniqueIdentifier>
    </Filter>
    <Filter Include="Level%28Play, Title &amp; Ending%29\PlayLevel%28Actors%29\Actors%28in PlayLevel%29\Effect, Weapon\Player Attack Effect\Ranged">
      <UniqueIdentifier>{a46156b1-93c0-431d-ad49-4722883f8841}</UniqueIdentifier>
    </Filter>
    <Filter Include="Level%28Play, Title &amp; Ending%29\PlayLevel%28Actors%29\Actors%28in PlayLevel%29\Effect, Weapon\Player Attack Effect\Skill">
      <UniqueIdentifier>{c7dd5d5a-1ad4-4b39-a526-6821949795c4}</UniqueIdentifier>
    </Filter>
    <Filter Include="Level%28Play, Title &amp; Ending%29\PlayLevel%28Actors%29\Actors%28in PlayLevel%29\Effect, Weapon\Player Attack Effect\Melee">
      <UniqueIdentifier>{707b4063-1d8e-47c7-8dc0-53c11eb5dcad}</UniqueIdentifier>
    </Filter>
    <Filter Include="Level%28Play, Title &amp; Ending%29\PlayLevel%28Actors%29\Actors%28in PlayLevel%29\Effect, Weapon\Player Attack Effect\Melee\Idol%28Character%29">
      <UniqueIdentifier>{7a8f356f-d37a-4523-b9d7-08425c0dded8}</UniqueIdentifier>
    </Filter>
  </ItemGroup>
  <ItemGroup>
    <ClCompile Include="PreCompile.cpp">
      <Filter>PreCompile</Filter>
    </ClCompile>
    <ClCompile Include="TitleGameMode.cpp">
      <Filter>Level%28Play, Title &amp; Ending%29\Title &amp; Ending Level\TitleLevel</Filter>
    </ClCompile>
    <ClCompile Include="TitleLogo.cpp">
      <Filter>Level%28Play, Title &amp; Ending%29\Title &amp; Ending Level\TitleLevel\Actor</Filter>
    </ClCompile>
    <ClCompile Include="ContentsCore.cpp">
      <Filter>Core%28Image &amp; Sound, Start Level%29\CoCo</Filter>
    </ClCompile>
    <ClCompile Include="HoloCureConstValue.cpp">
      <Filter>Contents Global Settings\Value%28Const%29</Filter>
    </ClCompile>
    <ClCompile Include="HoloCureFunctions.cpp">
      <Filter>Contents Global Settings\Functions</Filter>
    </ClCompile>
    <ClCompile Include="PlayBackLayer.cpp">
      <Filter>Level%28Play, Title &amp; Ending%29\PlayLevel%28Actors%29\Actors%28in PlayLevel%29\PlayBackLayer%28Map%29</Filter>
    </ClCompile>
    <ClCompile Include="Player.cpp">
      <Filter>Level%28Play, Title &amp; Ending%29\PlayLevel%28Actors%29\Actors%28in PlayLevel%29\Player &amp; PlayerState</Filter>
    </ClCompile>
    <ClCompile Include="PlayerState.cpp">
      <Filter>Level%28Play, Title &amp; Ending%29\PlayLevel%28Actors%29\Actors%28in PlayLevel%29\Player &amp; PlayerState</Filter>
    </ClCompile>
    <ClCompile Include="Monster.cpp">
      <Filter>Level%28Play, Title &amp; Ending%29\PlayLevel%28Actors%29\Actors%28in PlayLevel%29\Monsters</Filter>
    </ClCompile>
    <ClCompile Include="HoloMouse.cpp">
      <Filter>Level%28Play, Title &amp; Ending%29\PlayLevel%28Actors%29\Actors%28in PlayLevel%29\UI\Mouse Cursor</Filter>
    </ClCompile>
    <ClCompile Include="BossMonster.cpp">
      <Filter>Level%28Play, Title &amp; Ending%29\PlayLevel%28Actors%29\Actors%28in PlayLevel%29\Monsters\BossMonsters</Filter>
    </ClCompile>
    <ClCompile Include="Fubuzilla.cpp">
      <Filter>Level%28Play, Title &amp; Ending%29\PlayLevel%28Actors%29\Actors%28in PlayLevel%29\Monsters\BossMonsters</Filter>
    </ClCompile>
    <ClCompile Include="SmolAme.cpp">
      <Filter>Level%28Play, Title &amp; Ending%29\PlayLevel%28Actors%29\Actors%28in PlayLevel%29\Monsters\BossMonsters</Filter>
    </ClCompile>
    <ClCompile Include="Ranged.cpp">
      <Filter>Level%28Play, Title &amp; Ending%29\PlayLevel%28Actors%29\Actors%28in PlayLevel%29\Effect, Weapon\Player Attack Effect\Ranged</Filter>
    </ClCompile>
    <ClCompile Include="Weapon.cpp">
      <Filter>Level%28Play, Title &amp; Ending%29\PlayLevel%28Actors%29\Actors%28in PlayLevel%29\Effect, Weapon\Player Attack Effect</Filter>
    </ClCompile>
    <ClCompile Include="AttackMelee.cpp">
      <Filter>Level%28Play, Title &amp; Ending%29\PlayLevel%28Actors%29\Actors%28in PlayLevel%29\Effect, Weapon\Player Attack Effect\Melee</Filter>
    </ClCompile>
    <ClCompile Include="Melee.cpp">
      <Filter>Level%28Play, Title &amp; Ending%29\PlayLevel%28Actors%29\Actors%28in PlayLevel%29\Effect, Weapon\Player Attack Effect\Melee</Filter>
    </ClCompile>
    <ClCompile Include="Bullet.cpp">
      <Filter>Level%28Play, Title &amp; Ending%29\PlayLevel%28Actors%29\Actors%28in PlayLevel%29\Effect, Weapon\Player Attack Effect\Ranged</Filter>
    </ClCompile>
    <ClCompile Include="Skill.cpp">
      <Filter>Level%28Play, Title &amp; Ending%29\PlayLevel%28Actors%29\Actors%28in PlayLevel%29\Effect, Weapon\Player Attack Effect\Skill</Filter>
    </ClCompile>
    <ClCompile Include="PlayGameMode.cpp">
      <Filter>Level%28Play, Title &amp; Ending%29\GameModes</Filter>
    </ClCompile>
    <ClCompile Include="Gura.cpp">
      <Filter>Level%28Play, Title &amp; Ending%29\PlayLevel%28Actors%29\Actors%28in PlayLevel%29\Effect, Weapon\Player Attack Effect\Melee\Idol%28Character%29</Filter>
    </ClCompile>
  </ItemGroup>
  <ItemGroup>
    <ClInclude Include="PreCompile.h">
      <Filter>PreCompile</Filter>
    </ClInclude>
    <ClInclude Include="TitleGameMode.h">
      <Filter>Level%28Play, Title &amp; Ending%29\Title &amp; Ending Level\TitleLevel</Filter>
    </ClInclude>
    <ClInclude Include="TitleLogo.h">
      <Filter>Level%28Play, Title &amp; Ending%29\Title &amp; Ending Level\TitleLevel\Actor</Filter>
    </ClInclude>
    <ClInclude Include="ContentsCore.h">
      <Filter>Core%28Image &amp; Sound, Start Level%29\CoCo</Filter>
    </ClInclude>
    <ClInclude Include="HoloCureEnum.h">
      <Filter>Contents Global Settings\Enum Class</Filter>
    </ClInclude>
    <ClInclude Include="HoloCureConstValue.h">
      <Filter>Contents Global Settings\Value%28Const%29</Filter>
    </ClInclude>
    <ClInclude Include="HoloCureFunctions.h">
      <Filter>Contents Global Settings\Functions</Filter>
    </ClInclude>
    <ClInclude Include="PlayBackLayer.h">
      <Filter>Level%28Play, Title &amp; Ending%29\PlayLevel%28Actors%29\Actors%28in PlayLevel%29\PlayBackLayer%28Map%29</Filter>
    </ClInclude>
    <ClInclude Include="Player.h">
      <Filter>Level%28Play, Title &amp; Ending%29\PlayLevel%28Actors%29\Actors%28in PlayLevel%29\Player &amp; PlayerState</Filter>
    </ClInclude>
    <ClInclude Include="Monster.h">
      <Filter>Level%28Play, Title &amp; Ending%29\PlayLevel%28Actors%29\Actors%28in PlayLevel%29\Monsters</Filter>
    </ClInclude>
    <ClInclude Include="HoloMouse.h">
      <Filter>Level%28Play, Title &amp; Ending%29\PlayLevel%28Actors%29\Actors%28in PlayLevel%29\UI\Mouse Cursor</Filter>
    </ClInclude>
    <ClInclude Include="BossMonster.h">
      <Filter>Level%28Play, Title &amp; Ending%29\PlayLevel%28Actors%29\Actors%28in PlayLevel%29\Monsters\BossMonsters</Filter>
    </ClInclude>
    <ClInclude Include="Fubuzilla.h">
      <Filter>Level%28Play, Title &amp; Ending%29\PlayLevel%28Actors%29\Actors%28in PlayLevel%29\Monsters\BossMonsters</Filter>
    </ClInclude>
    <ClInclude Include="SmolAme.h">
      <Filter>Level%28Play, Title &amp; Ending%29\PlayLevel%28Actors%29\Actors%28in PlayLevel%29\Monsters\BossMonsters</Filter>
    </ClInclude>
    <ClInclude Include="Ranged.h">
      <Filter>Level%28Play, Title &amp; Ending%29\PlayLevel%28Actors%29\Actors%28in PlayLevel%29\Effect, Weapon\Player Attack Effect\Ranged</Filter>
    </ClInclude>
    <ClInclude Include="Weapon.h">
      <Filter>Level%28Play, Title &amp; Ending%29\PlayLevel%28Actors%29\Actors%28in PlayLevel%29\Effect, Weapon\Player Attack Effect</Filter>
    </ClInclude>
    <ClInclude Include="AttackMelee.h">
      <Filter>Level%28Play, Title &amp; Ending%29\PlayLevel%28Actors%29\Actors%28in PlayLevel%29\Effect, Weapon\Player Attack Effect\Melee</Filter>
    </ClInclude>
    <ClInclude Include="Melee.h">
      <Filter>Level%28Play, Title &amp; Ending%29\PlayLevel%28Actors%29\Actors%28in PlayLevel%29\Effect, Weapon\Player Attack Effect\Melee</Filter>
    </ClInclude>
    <ClInclude Include="Bullet.h">
      <Filter>Level%28Play, Title &amp; Ending%29\PlayLevel%28Actors%29\Actors%28in PlayLevel%29\Effect, Weapon\Player Attack Effect\Ranged</Filter>
    </ClInclude>
    <ClInclude Include="Skill.h">
      <Filter>Level%28Play, Title &amp; Ending%29\PlayLevel%28Actors%29\Actors%28in PlayLevel%29\Effect, Weapon\Player Attack Effect\Skill</Filter>
    </ClInclude>
    <ClInclude Include="PlayGameMode.h">
      <Filter>Level%28Play, Title &amp; Ending%29\GameModes</Filter>
    </ClInclude>
    <ClInclude Include="Gura.h">
      <Filter>Level%28Play, Title &amp; Ending%29\PlayLevel%28Actors%29\Actors%28in PlayLevel%29\Effect, Weapon\Player Attack Effect\Melee\Idol%28Character%29</Filter>
    </ClInclude>
  </ItemGroup>
</Project>